// !$*UTF8*$!
{
	archiveVersion = 1;
	classes = {
	};
	objectVersion = 50;
	objects = {

/* Begin PBXBuildFile section */
		D975873323B607C20004BDAD /* AppDelegate.swift in Sources */ = {isa = PBXBuildFile; fileRef = D975873223B607C20004BDAD /* AppDelegate.swift */; };
		D975873523B607C20004BDAD /* MainViewController.swift in Sources */ = {isa = PBXBuildFile; fileRef = D975873423B607C20004BDAD /* MainViewController.swift */; };
		D975873723B607C40004BDAD /* Assets.xcassets in Resources */ = {isa = PBXBuildFile; fileRef = D975873623B607C40004BDAD /* Assets.xcassets */; };
		D975873A23B607C40004BDAD /* Main.storyboard in Resources */ = {isa = PBXBuildFile; fileRef = D975873823B607C40004BDAD /* Main.storyboard */; };
		D9BD25DE24B336260064230E /* PreferencesViewController.swift in Sources */ = {isa = PBXBuildFile; fileRef = D9BD25DD24B336260064230E /* PreferencesViewController.swift */; };
		D9BD25E424B60D800064230E /* ScoreBoardData.swift in Sources */ = {isa = PBXBuildFile; fileRef = D9BD25E324B60D800064230E /* ScoreBoardData.swift */; };
		D9BD25E624B884490064230E /* WriteFilesToDisk.swift in Sources */ = {isa = PBXBuildFile; fileRef = D9BD25E524B884490064230E /* WriteFilesToDisk.swift */; };
		D9BD25E824B8A55D0064230E /* AlertWindow.swift in Sources */ = {isa = PBXBuildFile; fileRef = D9BD25E724B8A55D0064230E /* AlertWindow.swift */; };
		D9BD25EA24BC76D10064230E /* SelectDirectoryWindow.swift in Sources */ = {isa = PBXBuildFile; fileRef = D9BD25E924BC76D10064230E /* SelectDirectoryWindow.swift */; };
		D9BD25EC24BC8EEA0064230E /* TimerFunctions.swift in Sources */ = {isa = PBXBuildFile; fileRef = D9BD25EB24BC8EEA0064230E /* TimerFunctions.swift */; };
/* End PBXBuildFile section */

/* Begin PBXFileReference section */
		D975872F23B607C20004BDAD /* ScoreBoard.app */ = {isa = PBXFileReference; explicitFileType = wrapper.application; includeInIndex = 0; path = ScoreBoard.app; sourceTree = BUILT_PRODUCTS_DIR; };
		D975873223B607C20004BDAD /* AppDelegate.swift */ = {isa = PBXFileReference; lastKnownFileType = sourcecode.swift; path = AppDelegate.swift; sourceTree = "<group>"; };
		D975873423B607C20004BDAD /* MainViewController.swift */ = {isa = PBXFileReference; lastKnownFileType = sourcecode.swift; path = MainViewController.swift; sourceTree = "<group>"; };
		D975873623B607C40004BDAD /* Assets.xcassets */ = {isa = PBXFileReference; lastKnownFileType = folder.assetcatalog; path = Assets.xcassets; sourceTree = "<group>"; };
		D975873923B607C40004BDAD /* Base */ = {isa = PBXFileReference; lastKnownFileType = file.storyboard; name = Base; path = Base.lproj/Main.storyboard; sourceTree = "<group>"; };
		D975873B23B607C40004BDAD /* Info.plist */ = {isa = PBXFileReference; lastKnownFileType = text.plist.xml; path = Info.plist; sourceTree = "<group>"; };
		D975873C23B607C40004BDAD /* ScoreBoard.entitlements */ = {isa = PBXFileReference; lastKnownFileType = text.plist.entitlements; path = ScoreBoard.entitlements; sourceTree = "<group>"; };
		D9BD25DD24B336260064230E /* PreferencesViewController.swift */ = {isa = PBXFileReference; lastKnownFileType = sourcecode.swift; path = PreferencesViewController.swift; sourceTree = "<group>"; };
		D9BD25E324B60D800064230E /* ScoreBoardData.swift */ = {isa = PBXFileReference; lastKnownFileType = sourcecode.swift; path = ScoreBoardData.swift; sourceTree = "<group>"; };
		D9BD25E524B884490064230E /* WriteFilesToDisk.swift */ = {isa = PBXFileReference; lastKnownFileType = sourcecode.swift; path = WriteFilesToDisk.swift; sourceTree = "<group>"; };
		D9BD25E724B8A55D0064230E /* AlertWindow.swift */ = {isa = PBXFileReference; lastKnownFileType = sourcecode.swift; path = AlertWindow.swift; sourceTree = "<group>"; };
		D9BD25E924BC76D10064230E /* SelectDirectoryWindow.swift */ = {isa = PBXFileReference; lastKnownFileType = sourcecode.swift; path = SelectDirectoryWindow.swift; sourceTree = "<group>"; };
		D9BD25EB24BC8EEA0064230E /* TimerFunctions.swift */ = {isa = PBXFileReference; lastKnownFileType = sourcecode.swift; path = TimerFunctions.swift; sourceTree = "<group>"; };
/* End PBXFileReference section */

/* Begin PBXFrameworksBuildPhase section */
		D975872C23B607C20004BDAD /* Frameworks */ = {
			isa = PBXFrameworksBuildPhase;
			buildActionMask = 2147483647;
			files = (
			);
			runOnlyForDeploymentPostprocessing = 0;
		};
/* End PBXFrameworksBuildPhase section */

/* Begin PBXGroup section */
		D949635F24F7DAE70032E9FD /* Services */ = {
			isa = PBXGroup;
			children = (
				D9BD25E524B884490064230E /* WriteFilesToDisk.swift */,
				D9BD25EB24BC8EEA0064230E /* TimerFunctions.swift */,
			);
			path = Services;
			sourceTree = "<group>";
		};
		D975872623B607C20004BDAD = {
			isa = PBXGroup;
			children = (
				D975873123B607C20004BDAD /* ScoreBoard */,
				D975873023B607C20004BDAD /* Products */,
			);
			sourceTree = "<group>";
			usesTabs = 0;
		};
		D975873023B607C20004BDAD /* Products */ = {
			isa = PBXGroup;
			children = (
				D975872F23B607C20004BDAD /* ScoreBoard.app */,
			);
			name = Products;
			sourceTree = "<group>";
		};
		D975873123B607C20004BDAD /* ScoreBoard */ = {
			isa = PBXGroup;
			children = (
				D9BD25E224B5ED0E0064230E /* Views */,
				D9BD25DF24B370280064230E /* Controllers */,
				D9BD25E024B370620064230E /* Models */,
				D949635F24F7DAE70032E9FD /* Services */,
				D9BD25E124B370960064230E /* Supporting Files */,
			);
			path = ScoreBoard;
			sourceTree = "<group>";
		};
		D9BD25DF24B370280064230E /* Controllers */ = {
			isa = PBXGroup;
			children = (
				D975873423B607C20004BDAD /* MainViewController.swift */,
				D9BD25DD24B336260064230E /* PreferencesViewController.swift */,
				D975873223B607C20004BDAD /* AppDelegate.swift */,
			);
			path = Controllers;
			sourceTree = "<group>";
		};
		D9BD25E024B370620064230E /* Models */ = {
			isa = PBXGroup;
			children = (
				D9BD25E324B60D800064230E /* ScoreBoardData.swift */,
			);
			path = Models;
			sourceTree = "<group>";
		};
		D9BD25E124B370960064230E /* Supporting Files */ = {
			isa = PBXGroup;
			children = (
				D975873B23B607C40004BDAD /* Info.plist */,
				D975873C23B607C40004BDAD /* ScoreBoard.entitlements */,
				D975873623B607C40004BDAD /* Assets.xcassets */,
			);
			path = "Supporting Files";
			sourceTree = "<group>";
		};
		D9BD25E224B5ED0E0064230E /* Views */ = {
			isa = PBXGroup;
			children = (
				D975873823B607C40004BDAD /* Main.storyboard */,
				D9BD25E724B8A55D0064230E /* AlertWindow.swift */,
				D9BD25E924BC76D10064230E /* SelectDirectoryWindow.swift */,
			);
			path = Views;
			sourceTree = "<group>";
		};
/* End PBXGroup section */

/* Begin PBXNativeTarget section */
		D975872E23B607C20004BDAD /* ScoreBoard */ = {
			isa = PBXNativeTarget;
			buildConfigurationList = D975873F23B607C40004BDAD /* Build configuration list for PBXNativeTarget "ScoreBoard" */;
			buildPhases = (
				D975872B23B607C20004BDAD /* Sources */,
				D975872C23B607C20004BDAD /* Frameworks */,
				D975872D23B607C20004BDAD /* Resources */,
			);
			buildRules = (
			);
			dependencies = (
			);
			name = ScoreBoard;
			productName = ScoreBoard;
			productReference = D975872F23B607C20004BDAD /* ScoreBoard.app */;
			productType = "com.apple.product-type.application";
		};
/* End PBXNativeTarget section */

/* Begin PBXProject section */
		D975872723B607C20004BDAD /* Project object */ = {
			isa = PBXProject;
			attributes = {
				LastSwiftUpdateCheck = 1130;
				LastUpgradeCheck = 1140;
				ORGANIZATIONNAME = "Vasily Petuhov";
				TargetAttributes = {
					D975872E23B607C20004BDAD = {
						CreatedOnToolsVersion = 11.3;
					};
				};
			};
			buildConfigurationList = D975872A23B607C20004BDAD /* Build configuration list for PBXProject "ScoreBoard" */;
			compatibilityVersion = "Xcode 9.3";
			developmentRegion = en;
			hasScannedForEncodings = 0;
			knownRegions = (
				en,
				Base,
			);
			mainGroup = D975872623B607C20004BDAD;
			productRefGroup = D975873023B607C20004BDAD /* Products */;
			projectDirPath = "";
			projectRoot = "";
			targets = (
				D975872E23B607C20004BDAD /* ScoreBoard */,
			);
		};
/* End PBXProject section */

/* Begin PBXResourcesBuildPhase section */
		D975872D23B607C20004BDAD /* Resources */ = {
			isa = PBXResourcesBuildPhase;
			buildActionMask = 2147483647;
			files = (
				D975873723B607C40004BDAD /* Assets.xcassets in Resources */,
				D975873A23B607C40004BDAD /* Main.storyboard in Resources */,
			);
			runOnlyForDeploymentPostprocessing = 0;
		};
/* End PBXResourcesBuildPhase section */

/* Begin PBXSourcesBuildPhase section */
		D975872B23B607C20004BDAD /* Sources */ = {
			isa = PBXSourcesBuildPhase;
			buildActionMask = 2147483647;
			files = (
				D9BD25E624B884490064230E /* WriteFilesToDisk.swift in Sources */,
				D975873523B607C20004BDAD /* MainViewController.swift in Sources */,
				D975873323B607C20004BDAD /* AppDelegate.swift in Sources */,
				D9BD25EA24BC76D10064230E /* SelectDirectoryWindow.swift in Sources */,
				D9BD25DE24B336260064230E /* PreferencesViewController.swift in Sources */,
				D9BD25E424B60D800064230E /* ScoreBoardData.swift in Sources */,
				D9BD25E824B8A55D0064230E /* AlertWindow.swift in Sources */,
				D9BD25EC24BC8EEA0064230E /* TimerFunctions.swift in Sources */,
			);
			runOnlyForDeploymentPostprocessing = 0;
		};
/* End PBXSourcesBuildPhase section */

/* Begin PBXVariantGroup section */
		D975873823B607C40004BDAD /* Main.storyboard */ = {
			isa = PBXVariantGroup;
			children = (
				D975873923B607C40004BDAD /* Base */,
			);
			name = Main.storyboard;
			sourceTree = "<group>";
		};
/* End PBXVariantGroup section */

/* Begin XCBuildConfiguration section */
		D975873D23B607C40004BDAD /* Debug */ = {
			isa = XCBuildConfiguration;
			buildSettings = {
				ALWAYS_SEARCH_USER_PATHS = NO;
				CLANG_ANALYZER_NONNULL = YES;
				CLANG_ANALYZER_NUMBER_OBJECT_CONVERSION = YES_AGGRESSIVE;
				CLANG_CXX_LANGUAGE_STANDARD = "gnu++14";
				CLANG_CXX_LIBRARY = "libc++";
				CLANG_ENABLE_MODULES = YES;
				CLANG_ENABLE_OBJC_ARC = YES;
				CLANG_ENABLE_OBJC_WEAK = YES;
				CLANG_WARN_BLOCK_CAPTURE_AUTORELEASING = YES;
				CLANG_WARN_BOOL_CONVERSION = YES;
				CLANG_WARN_COMMA = YES;
				CLANG_WARN_CONSTANT_CONVERSION = YES;
				CLANG_WARN_DEPRECATED_OBJC_IMPLEMENTATIONS = YES;
				CLANG_WARN_DIRECT_OBJC_ISA_USAGE = YES_ERROR;
				CLANG_WARN_DOCUMENTATION_COMMENTS = YES;
				CLANG_WARN_EMPTY_BODY = YES;
				CLANG_WARN_ENUM_CONVERSION = YES;
				CLANG_WARN_INFINITE_RECURSION = YES;
				CLANG_WARN_INT_CONVERSION = YES;
				CLANG_WARN_NON_LITERAL_NULL_CONVERSION = YES;
				CLANG_WARN_OBJC_IMPLICIT_RETAIN_SELF = YES;
				CLANG_WARN_OBJC_LITERAL_CONVERSION = YES;
				CLANG_WARN_OBJC_ROOT_CLASS = YES_ERROR;
				CLANG_WARN_RANGE_LOOP_ANALYSIS = YES;
				CLANG_WARN_STRICT_PROTOTYPES = YES;
				CLANG_WARN_SUSPICIOUS_MOVE = YES;
				CLANG_WARN_UNGUARDED_AVAILABILITY = YES_AGGRESSIVE;
				CLANG_WARN_UNREACHABLE_CODE = YES;
				CLANG_WARN__DUPLICATE_METHOD_MATCH = YES;
				CODE_SIGN_IDENTITY = "Apple Development: vas.pet.app@gmail.com (H747ZP27AD)";
				COPY_PHASE_STRIP = NO;
				DEBUG_INFORMATION_FORMAT = dwarf;
				ENABLE_STRICT_OBJC_MSGSEND = YES;
				ENABLE_TESTABILITY = YES;
				GCC_C_LANGUAGE_STANDARD = gnu11;
				GCC_DYNAMIC_NO_PIC = NO;
				GCC_NO_COMMON_BLOCKS = YES;
				GCC_OPTIMIZATION_LEVEL = 0;
				GCC_PREPROCESSOR_DEFINITIONS = (
					"DEBUG=1",
					"$(inherited)",
				);
				GCC_WARN_64_TO_32_BIT_CONVERSION = YES;
				GCC_WARN_ABOUT_RETURN_TYPE = YES_ERROR;
				GCC_WARN_UNDECLARED_SELECTOR = YES;
				GCC_WARN_UNINITIALIZED_AUTOS = YES_AGGRESSIVE;
				GCC_WARN_UNUSED_FUNCTION = YES;
				GCC_WARN_UNUSED_VARIABLE = YES;
				MACOSX_DEPLOYMENT_TARGET = 10.15;
				MTL_ENABLE_DEBUG_INFO = INCLUDE_SOURCE;
				MTL_FAST_MATH = YES;
				ONLY_ACTIVE_ARCH = YES;
				SDKROOT = macosx;
				SWIFT_ACTIVE_COMPILATION_CONDITIONS = DEBUG;
				SWIFT_OPTIMIZATION_LEVEL = "-Onone";
			};
			name = Debug;
		};
		D975873E23B607C40004BDAD /* Release */ = {
			isa = XCBuildConfiguration;
			buildSettings = {
				ALWAYS_SEARCH_USER_PATHS = NO;
				CLANG_ANALYZER_NONNULL = YES;
				CLANG_ANALYZER_NUMBER_OBJECT_CONVERSION = YES_AGGRESSIVE;
				CLANG_CXX_LANGUAGE_STANDARD = "gnu++14";
				CLANG_CXX_LIBRARY = "libc++";
				CLANG_ENABLE_MODULES = YES;
				CLANG_ENABLE_OBJC_ARC = YES;
				CLANG_ENABLE_OBJC_WEAK = YES;
				CLANG_WARN_BLOCK_CAPTURE_AUTORELEASING = YES;
				CLANG_WARN_BOOL_CONVERSION = YES;
				CLANG_WARN_COMMA = YES;
				CLANG_WARN_CONSTANT_CONVERSION = YES;
				CLANG_WARN_DEPRECATED_OBJC_IMPLEMENTATIONS = YES;
				CLANG_WARN_DIRECT_OBJC_ISA_USAGE = YES_ERROR;
				CLANG_WARN_DOCUMENTATION_COMMENTS = YES;
				CLANG_WARN_EMPTY_BODY = YES;
				CLANG_WARN_ENUM_CONVERSION = YES;
				CLANG_WARN_INFINITE_RECURSION = YES;
				CLANG_WARN_INT_CONVERSION = YES;
				CLANG_WARN_NON_LITERAL_NULL_CONVERSION = YES;
				CLANG_WARN_OBJC_IMPLICIT_RETAIN_SELF = YES;
				CLANG_WARN_OBJC_LITERAL_CONVERSION = YES;
				CLANG_WARN_OBJC_ROOT_CLASS = YES_ERROR;
				CLANG_WARN_RANGE_LOOP_ANALYSIS = YES;
				CLANG_WARN_STRICT_PROTOTYPES = YES;
				CLANG_WARN_SUSPICIOUS_MOVE = YES;
				CLANG_WARN_UNGUARDED_AVAILABILITY = YES_AGGRESSIVE;
				CLANG_WARN_UNREACHABLE_CODE = YES;
				CLANG_WARN__DUPLICATE_METHOD_MATCH = YES;
				CODE_SIGN_IDENTITY = "Apple Development: vas.pet.app@gmail.com (H747ZP27AD)";
				COPY_PHASE_STRIP = NO;
				DEBUG_INFORMATION_FORMAT = "dwarf-with-dsym";
				ENABLE_NS_ASSERTIONS = NO;
				ENABLE_STRICT_OBJC_MSGSEND = YES;
				GCC_C_LANGUAGE_STANDARD = gnu11;
				GCC_NO_COMMON_BLOCKS = YES;
				GCC_WARN_64_TO_32_BIT_CONVERSION = YES;
				GCC_WARN_ABOUT_RETURN_TYPE = YES_ERROR;
				GCC_WARN_UNDECLARED_SELECTOR = YES;
				GCC_WARN_UNINITIALIZED_AUTOS = YES_AGGRESSIVE;
				GCC_WARN_UNUSED_FUNCTION = YES;
				GCC_WARN_UNUSED_VARIABLE = YES;
				MACOSX_DEPLOYMENT_TARGET = 10.15;
				MTL_ENABLE_DEBUG_INFO = NO;
				MTL_FAST_MATH = YES;
				SDKROOT = macosx;
				SWIFT_COMPILATION_MODE = wholemodule;
				SWIFT_OPTIMIZATION_LEVEL = "-O";
			};
			name = Release;
		};
		D975874023B607C40004BDAD /* Debug */ = {
			isa = XCBuildConfiguration;
			buildSettings = {
				ASSETCATALOG_COMPILER_APPICON_NAME = AppIcon;
				CODE_SIGN_ENTITLEMENTS = "ScoreBoard/Supporting Files/ScoreBoard.entitlements";
				CODE_SIGN_IDENTITY = "Apple Development: vas.pet.app@gmail.com (H747ZP27AD)";
				CODE_SIGN_STYLE = Manual;
				COMBINE_HIDPI_IMAGES = YES;
				CURRENT_PROJECT_VERSION = 140920;
				DEVELOPMENT_TEAM = "";
				ENABLE_HARDENED_RUNTIME = YES;
				INFOPLIST_FILE = "ScoreBoard/Supporting Files/Info.plist";
				LD_RUNPATH_SEARCH_PATHS = (
					"$(inherited)",
					"@executable_path/../Frameworks",
				);
				MACOSX_DEPLOYMENT_TARGET = 10.15;
				MARKETING_VERSION = 1.1;
				PRODUCT_BUNDLE_IDENTIFIER = com.VasilyPetuhov.ScoreBoard;
				PRODUCT_NAME = "$(TARGET_NAME)";
				PROVISIONING_PROFILE_SPECIFIER = "";
				SWIFT_VERSION = 5.0;
			};
			name = Debug;
		};
		D975874123B607C40004BDAD /* Release */ = {
			isa = XCBuildConfiguration;
			buildSettings = {
				ASSETCATALOG_COMPILER_APPICON_NAME = AppIcon;
				CODE_SIGN_ENTITLEMENTS = "ScoreBoard/Supporting Files/ScoreBoard.entitlements";
				CODE_SIGN_IDENTITY = "Apple Development: vas.pet.app@gmail.com (H747ZP27AD)";
				CODE_SIGN_STYLE = Manual;
				COMBINE_HIDPI_IMAGES = YES;
				CURRENT_PROJECT_VERSION = 140920;
				DEVELOPMENT_TEAM = "";
				ENABLE_HARDENED_RUNTIME = YES;
				INFOPLIST_FILE = "ScoreBoard/Supporting Files/Info.plist";
				LD_RUNPATH_SEARCH_PATHS = (
					"$(inherited)",
					"@executable_path/../Frameworks",
				);
				MACOSX_DEPLOYMENT_TARGET = 10.15;
				MARKETING_VERSION = 1.1;
				PRODUCT_BUNDLE_IDENTIFIER = com.VasilyPetuhov.ScoreBoard;
				PRODUCT_NAME = "$(TARGET_NAME)";
				PROVISIONING_PROFILE_SPECIFIER = "";
				SWIFT_VERSION = 5.0;
			};
			name = Release;
		};
/* End XCBuildConfiguration section */

/* Begin XCConfigurationList section */
		D975872A23B607C20004BDAD /* Build configuration list for PBXProject "ScoreBoard" */ = {
			isa = XCConfigurationList;
			buildConfigurations = (
				D975873D23B607C40004BDAD /* Debug */,
				D975873E23B607C40004BDAD /* Release */,
			);
			defaultConfigurationIsVisible = 0;
			defaultConfigurationName = Release;
		};
		D975873F23B607C40004BDAD /* Build configuration list for PBXNativeTarget "ScoreBoard" */ = {
			isa = XCConfigurationList;
			buildConfigurations = (
				D975874023B607C40004BDAD /* Debug */,
				D975874123B607C40004BDAD /* Release */,
			);
			defaultConfigurationIsVisible = 0;
			defaultConfigurationName = Release;
		};
/* End XCConfigurationList section */
	};
	rootObject = D975872723B607C20004BDAD /* Project object */;
}
