// !$*UTF8*$!
{
	archiveVersion = 1;
	classes = {
	};
	objectVersion = 54;
	objects = {

/* Begin PBXBuildFile section */
		D907AF032668ED9F00A0BDDB /* Preferences.storyboard in Resources */ = {isa = PBXBuildFile; fileRef = D907AF022668ED9F00A0BDDB /* Preferences.storyboard */; };
		D90D1EA62643302000005682 /* MenuActions.swift in Sources */ = {isa = PBXBuildFile; fileRef = D90D1EA52643302000005682 /* MenuActions.swift */; };
		D90D1EA82643BAB400005682 /* StartButton.swift in Sources */ = {isa = PBXBuildFile; fileRef = D90D1EA72643BAB400005682 /* StartButton.swift */; };
		D94B5F1126977D51009A0D5A /* GetAccessToDiskGIF.gif in Resources */ = {isa = PBXBuildFile; fileRef = D94B5F1026977D51009A0D5A /* GetAccessToDiskGIF.gif */; };
		D94B5F14269EFD11009A0D5A /* TimerSliderCell.swift in Sources */ = {isa = PBXBuildFile; fileRef = D94B5F13269EFD11009A0D5A /* TimerSliderCell.swift */; };
		D950678A25273BED00C1080B /* Credits.rtf in Resources */ = {isa = PBXBuildFile; fileRef = D950678925273BED00C1080B /* Credits.rtf */; };
		D97553042644810E00A9D4BA /* PreferencesViewController.swift in Sources */ = {isa = PBXBuildFile; fileRef = D9BD25DD24B336260064230E /* PreferencesViewController.swift */; };
		D975873323B607C20004BDAD /* AppDelegate.swift in Sources */ = {isa = PBXBuildFile; fileRef = D975873223B607C20004BDAD /* AppDelegate.swift */; };
		D975873523B607C20004BDAD /* MainViewController.swift in Sources */ = {isa = PBXBuildFile; fileRef = D975873423B607C20004BDAD /* MainViewController.swift */; };
		D975873723B607C40004BDAD /* Assets.xcassets in Resources */ = {isa = PBXBuildFile; fileRef = D975873623B607C40004BDAD /* Assets.xcassets */; };
		D975873A23B607C40004BDAD /* Main.storyboard in Resources */ = {isa = PBXBuildFile; fileRef = D975873823B607C40004BDAD /* Main.storyboard */; };
		D979448F255E9BBF009165A0 /* Defaults.swift in Sources */ = {isa = PBXBuildFile; fileRef = D979448E255E9BBF009165A0 /* Defaults.swift */; };
		D9794494255E9FEF009165A0 /* ScoreBoardTimer.swift in Sources */ = {isa = PBXBuildFile; fileRef = D9BD25EB24BC8EEA0064230E /* ScoreBoardTimer.swift */; };
		D980DCCC25F4ADB90026B596 /* EditTextField.swift in Sources */ = {isa = PBXBuildFile; fileRef = D980DCCB25F4ADB90026B596 /* EditTextField.swift */; };
		D980DCF326184FF60026B596 /* DisableMenuItems.swift in Sources */ = {isa = PBXBuildFile; fileRef = D980DCF226184FF60026B596 /* DisableMenuItems.swift */; };
		D987631226320791005E1174 /* DeselectText+SetFocus.swift in Sources */ = {isa = PBXBuildFile; fileRef = D987631126320791005E1174 /* DeselectText+SetFocus.swift */; };
		D997E12125AA4D85000F6C77 /* BasicSBTemplateView.xib in Resources */ = {isa = PBXBuildFile; fileRef = D997E12025AA4D85000F6C77 /* BasicSBTemplateView.xib */; };
		D997E12425AA4D93000F6C77 /* BasicSBTemplateView.swift in Sources */ = {isa = PBXBuildFile; fileRef = D997E12325AA4D93000F6C77 /* BasicSBTemplateView.swift */; };
		D9BD25E424B60D800064230E /* ScoreBoardData.swift in Sources */ = {isa = PBXBuildFile; fileRef = D9BD25E324B60D800064230E /* ScoreBoardData.swift */; };
		D9BD25E624B884490064230E /* FileWriter.swift in Sources */ = {isa = PBXBuildFile; fileRef = D9BD25E524B884490064230E /* FileWriter.swift */; };
		D9BD25E824B8A55D0064230E /* AlertWindow.swift in Sources */ = {isa = PBXBuildFile; fileRef = D9BD25E724B8A55D0064230E /* AlertWindow.swift */; };
		D9BD25EA24BC76D10064230E /* SelectDirectoryWindow.swift in Sources */ = {isa = PBXBuildFile; fileRef = D9BD25E924BC76D10064230E /* SelectDirectoryWindow.swift */; };
/* End PBXBuildFile section */

/* Begin PBXFileReference section */
		D907AF022668ED9F00A0BDDB /* Preferences.storyboard */ = {isa = PBXFileReference; lastKnownFileType = file.storyboard; path = Preferences.storyboard; sourceTree = "<group>"; };
		D90D1EA52643302000005682 /* MenuActions.swift */ = {isa = PBXFileReference; lastKnownFileType = sourcecode.swift; path = MenuActions.swift; sourceTree = "<group>"; };
		D90D1EA72643BAB400005682 /* StartButton.swift */ = {isa = PBXFileReference; lastKnownFileType = sourcecode.swift; path = StartButton.swift; sourceTree = "<group>"; };
		D94B5F1026977D51009A0D5A /* GetAccessToDiskGIF.gif */ = {isa = PBXFileReference; lastKnownFileType = image.gif; path = GetAccessToDiskGIF.gif; sourceTree = "<group>"; };
		D94B5F13269EFD11009A0D5A /* TimerSliderCell.swift */ = {isa = PBXFileReference; lastKnownFileType = sourcecode.swift; path = TimerSliderCell.swift; sourceTree = "<group>"; };
		D950678925273BED00C1080B /* Credits.rtf */ = {isa = PBXFileReference; lastKnownFileType = text.rtf; path = Credits.rtf; sourceTree = "<group>"; };
		D975872F23B607C20004BDAD /* ScoreBoard.app */ = {isa = PBXFileReference; explicitFileType = wrapper.application; includeInIndex = 0; path = ScoreBoard.app; sourceTree = BUILT_PRODUCTS_DIR; };
		D975873223B607C20004BDAD /* AppDelegate.swift */ = {isa = PBXFileReference; fileEncoding = 4; lastKnownFileType = sourcecode.swift; path = AppDelegate.swift; sourceTree = "<group>"; };
		D975873423B607C20004BDAD /* MainViewController.swift */ = {isa = PBXFileReference; fileEncoding = 4; lastKnownFileType = sourcecode.swift; path = MainViewController.swift; sourceTree = "<group>"; };
		D975873623B607C40004BDAD /* Assets.xcassets */ = {isa = PBXFileReference; lastKnownFileType = folder.assetcatalog; path = Assets.xcassets; sourceTree = "<group>"; };
		D975873923B607C40004BDAD /* Base */ = {isa = PBXFileReference; lastKnownFileType = file.storyboard; name = Base; path = Base.lproj/Main.storyboard; sourceTree = "<group>"; };
		D975873B23B607C40004BDAD /* Info.plist */ = {isa = PBXFileReference; lastKnownFileType = text.plist.xml; path = Info.plist; sourceTree = "<group>"; };
		D975873C23B607C40004BDAD /* ScoreBoard.entitlements */ = {isa = PBXFileReference; lastKnownFileType = text.plist.entitlements; path = ScoreBoard.entitlements; sourceTree = "<group>"; };
		D979448E255E9BBF009165A0 /* Defaults.swift */ = {isa = PBXFileReference; fileEncoding = 4; lastKnownFileType = sourcecode.swift; path = Defaults.swift; sourceTree = "<group>"; };
		D980DCCB25F4ADB90026B596 /* EditTextField.swift */ = {isa = PBXFileReference; lastKnownFileType = sourcecode.swift; path = EditTextField.swift; sourceTree = "<group>"; };
		D980DCF226184FF60026B596 /* DisableMenuItems.swift */ = {isa = PBXFileReference; lastKnownFileType = sourcecode.swift; path = DisableMenuItems.swift; sourceTree = "<group>"; };
		D987631126320791005E1174 /* DeselectText+SetFocus.swift */ = {isa = PBXFileReference; lastKnownFileType = sourcecode.swift; path = "DeselectText+SetFocus.swift"; sourceTree = "<group>"; };
		D997E12025AA4D85000F6C77 /* BasicSBTemplateView.xib */ = {isa = PBXFileReference; fileEncoding = 4; lastKnownFileType = file.xib; path = BasicSBTemplateView.xib; sourceTree = "<group>"; };
		D997E12325AA4D93000F6C77 /* BasicSBTemplateView.swift */ = {isa = PBXFileReference; fileEncoding = 4; lastKnownFileType = sourcecode.swift; path = BasicSBTemplateView.swift; sourceTree = "<group>"; };
		D9BD25DD24B336260064230E /* PreferencesViewController.swift */ = {isa = PBXFileReference; fileEncoding = 4; lastKnownFileType = sourcecode.swift; path = PreferencesViewController.swift; sourceTree = "<group>"; };
		D9BD25E324B60D800064230E /* ScoreBoardData.swift */ = {isa = PBXFileReference; fileEncoding = 4; lastKnownFileType = sourcecode.swift; path = ScoreBoardData.swift; sourceTree = "<group>"; };
		D9BD25E524B884490064230E /* FileWriter.swift */ = {isa = PBXFileReference; fileEncoding = 4; lastKnownFileType = sourcecode.swift; path = FileWriter.swift; sourceTree = "<group>"; };
		D9BD25E724B8A55D0064230E /* AlertWindow.swift */ = {isa = PBXFileReference; fileEncoding = 4; lastKnownFileType = sourcecode.swift; path = AlertWindow.swift; sourceTree = "<group>"; };
		D9BD25E924BC76D10064230E /* SelectDirectoryWindow.swift */ = {isa = PBXFileReference; fileEncoding = 4; lastKnownFileType = sourcecode.swift; path = SelectDirectoryWindow.swift; sourceTree = "<group>"; };
		D9BD25EB24BC8EEA0064230E /* ScoreBoardTimer.swift */ = {isa = PBXFileReference; fileEncoding = 4; lastKnownFileType = sourcecode.swift; path = ScoreBoardTimer.swift; sourceTree = "<group>"; };
/* End PBXFileReference section */

/* Begin PBXFrameworksBuildPhase section */
		D975872C23B607C20004BDAD /* Frameworks */ = {
			isa = PBXFrameworksBuildPhase;
			buildActionMask = 2147483647;
			files = (
			);
			runOnlyForDeploymentPostprocessing = 0;
		};
/* End PBXFrameworksBuildPhase section */

/* Begin PBXGroup section */
		D949635F24F7DAE70032E9FD /* Workers */ = {
			isa = PBXGroup;
			children = (
				D9BD25E524B884490064230E /* FileWriter.swift */,
				D9BD25EB24BC8EEA0064230E /* ScoreBoardTimer.swift */,
			);
			path = Workers;
			sourceTree = "<group>";
		};
		D975872623B607C20004BDAD = {
			isa = PBXGroup;
			children = (
				D975873123B607C20004BDAD /* ScoreBoard */,
				D975873023B607C20004BDAD /* Products */,
			);
			sourceTree = "<group>";
			usesTabs = 0;
		};
		D975873023B607C20004BDAD /* Products */ = {
			isa = PBXGroup;
			children = (
				D975872F23B607C20004BDAD /* ScoreBoard.app */,
			);
			name = Products;
			sourceTree = "<group>";
		};
		D975873123B607C20004BDAD /* ScoreBoard */ = {
			isa = PBXGroup;
			children = (
				D975873223B607C20004BDAD /* AppDelegate.swift */,
				D980DCF9262A2ECB0026B596 /* Modules */,
				D9BD25E024B370620064230E /* ScoreBoardData */,
				D9BD25E224B5ED0E0064230E /* Views */,
				D949635F24F7DAE70032E9FD /* Workers */,
				D9BD25E124B370960064230E /* Supporting Files */,
			);
			path = ScoreBoard;
			sourceTree = "<group>";
		};
		D980DCF9262A2ECB0026B596 /* Modules */ = {
			isa = PBXGroup;
			children = (
				D980DCFA262A2ED80026B596 /* MainViewController */,
				D980DCFB262A2EE10026B596 /* PreferencesViewController */,
				D980DD00262E0C770026B596 /* ScoreBoardTemplates */,
			);
			path = Modules;
			sourceTree = "<group>";
		};
		D980DCFA262A2ED80026B596 /* MainViewController */ = {
			isa = PBXGroup;
			children = (
				D987630E26320776005E1174 /* Extensions MainVC */,
				D975873423B607C20004BDAD /* MainViewController.swift */,
				D975873823B607C40004BDAD /* Main.storyboard */,
			);
			path = MainViewController;
			sourceTree = "<group>";
		};
		D980DCFB262A2EE10026B596 /* PreferencesViewController */ = {
			isa = PBXGroup;
			children = (
				D9BD25DD24B336260064230E /* PreferencesViewController.swift */,
				D907AF022668ED9F00A0BDDB /* Preferences.storyboard */,
			);
			path = PreferencesViewController;
			sourceTree = "<group>";
		};
		D980DD00262E0C770026B596 /* ScoreBoardTemplates */ = {
			isa = PBXGroup;
			children = (
				D997E11F25AA4D2F000F6C77 /* Basic */,
			);
			path = ScoreBoardTemplates;
			sourceTree = "<group>";
		};
		D9867BEA269776F0009FE332 /* Images */ = {
			isa = PBXGroup;
			children = (
				D94B5F1026977D51009A0D5A /* GetAccessToDiskGIF.gif */,
			);
			path = Images;
			sourceTree = "<group>";
		};
		D987630E26320776005E1174 /* Extensions MainVC */ = {
			isa = PBXGroup;
			children = (
				D980DCF226184FF60026B596 /* DisableMenuItems.swift */,
				D90D1EA52643302000005682 /* MenuActions.swift */,
				D987631126320791005E1174 /* DeselectText+SetFocus.swift */,
				D979448E255E9BBF009165A0 /* Defaults.swift */,
			);
			path = "Extensions MainVC";
			sourceTree = "<group>";
		};
		D997E11F25AA4D2F000F6C77 /* Basic */ = {
			isa = PBXGroup;
			children = (
				D997E12025AA4D85000F6C77 /* BasicSBTemplateView.xib */,
				D997E12325AA4D93000F6C77 /* BasicSBTemplateView.swift */,
			);
			path = Basic;
			sourceTree = "<group>";
		};
		D9BD25E024B370620064230E /* ScoreBoardData */ = {
			isa = PBXGroup;
			children = (
				D9BD25E324B60D800064230E /* ScoreBoardData.swift */,
			);
			path = ScoreBoardData;
			sourceTree = "<group>";
		};
		D9BD25E124B370960064230E /* Supporting Files */ = {
			isa = PBXGroup;
			children = (
				D9867BEA269776F0009FE332 /* Images */,
				D975873B23B607C40004BDAD /* Info.plist */,
				D975873C23B607C40004BDAD /* ScoreBoard.entitlements */,
				D975873623B607C40004BDAD /* Assets.xcassets */,
				D950678925273BED00C1080B /* Credits.rtf */,
			);
			path = "Supporting Files";
			sourceTree = "<group>";
		};
		D9BD25E224B5ED0E0064230E /* Views */ = {
			isa = PBXGroup;
			children = (
				D9BD25E924BC76D10064230E /* SelectDirectoryWindow.swift */,
				D90D1EA72643BAB400005682 /* StartButton.swift */,
				D9BD25E724B8A55D0064230E /* AlertWindow.swift */,
				D980DCCB25F4ADB90026B596 /* EditTextField.swift */,
				D94B5F13269EFD11009A0D5A /* TimerSliderCell.swift */,
			);
			path = Views;
			sourceTree = "<group>";
		};
/* End PBXGroup section */

/* Begin PBXNativeTarget section */
		D975872E23B607C20004BDAD /* ScoreBoard */ = {
			isa = PBXNativeTarget;
			buildConfigurationList = D975873F23B607C40004BDAD /* Build configuration list for PBXNativeTarget "ScoreBoard" */;
			buildPhases = (
				D975872B23B607C20004BDAD /* Sources */,
				D9C2D2C526A8A12C0087F10D /* Todo/Fix/Error */,
				D975872C23B607C20004BDAD /* Frameworks */,
				D94B5F12269E2366009A0D5A /* Increment Build */,
				D975872D23B607C20004BDAD /* Resources */,
			);
			buildRules = (
			);
			dependencies = (
			);
			name = ScoreBoard;
			productName = ScoreBoard;
			productReference = D975872F23B607C20004BDAD /* ScoreBoard.app */;
			productType = "com.apple.product-type.application";
		};
/* End PBXNativeTarget section */

/* Begin PBXProject section */
		D975872723B607C20004BDAD /* Project object */ = {
			isa = PBXProject;
			attributes = {
				LastSwiftUpdateCheck = 1130;
				LastUpgradeCheck = 1200;
				ORGANIZATIONNAME = "Vasily Petuhov";
				TargetAttributes = {
					D975872E23B607C20004BDAD = {
						CreatedOnToolsVersion = 11.3;
					};
				};
			};
			buildConfigurationList = D975872A23B607C20004BDAD /* Build configuration list for PBXProject "ScoreBoard" */;
			compatibilityVersion = "Xcode 12.0";
			developmentRegion = en;
			hasScannedForEncodings = 0;
			knownRegions = (
				en,
				Base,
			);
			mainGroup = D975872623B607C20004BDAD;
			productRefGroup = D975873023B607C20004BDAD /* Products */;
			projectDirPath = "";
			projectRoot = "";
			targets = (
				D975872E23B607C20004BDAD /* ScoreBoard */,
			);
		};
/* End PBXProject section */

/* Begin PBXResourcesBuildPhase section */
		D975872D23B607C20004BDAD /* Resources */ = {
			isa = PBXResourcesBuildPhase;
			buildActionMask = 2147483647;
			files = (
				D94B5F1126977D51009A0D5A /* GetAccessToDiskGIF.gif in Resources */,
				D975873723B607C40004BDAD /* Assets.xcassets in Resources */,
				D950678A25273BED00C1080B /* Credits.rtf in Resources */,
				D997E12125AA4D85000F6C77 /* BasicSBTemplateView.xib in Resources */,
				D907AF032668ED9F00A0BDDB /* Preferences.storyboard in Resources */,
				D975873A23B607C40004BDAD /* Main.storyboard in Resources */,
			);
			runOnlyForDeploymentPostprocessing = 0;
		};
/* End PBXResourcesBuildPhase section */

/* Begin PBXShellScriptBuildPhase section */
		D94B5F12269E2366009A0D5A /* Increment Build */ = {
			isa = PBXShellScriptBuildPhase;
			buildActionMask = 2147483647;
			files = (
			);
			inputFileListPaths = (
			);
			inputPaths = (
			);
			name = "Increment Build";
			outputFileListPaths = (
			);
			outputPaths = (
			);
			runOnlyForDeploymentPostprocessing = 0;
			shellPath = /bin/sh;
			shellScript = "buildNumber=$(/usr/libexec/PlistBuddy -c \"Print CFBundleVersion\" \"$INFOPLIST_FILE\")\nbuildNumber=$(($buildNumber + 1))\n/usr/libexec/PlistBuddy -c \"Set :CFBundleVersion $buildNumber\" \"$INFOPLIST_FILE\"\n";
		};
		D9C2D2C526A8A12C0087F10D /* Todo/Fix/Error */ = {
			isa = PBXShellScriptBuildPhase;
			buildActionMask = 2147483647;
			files = (
			);
			inputFileListPaths = (
			);
			inputPaths = (
			);
			name = Todo/Fix/Error;
			outputFileListPaths = (
			);
			outputPaths = (
			);
			runOnlyForDeploymentPostprocessing = 0;
			shellPath = /bin/sh;
			shellScript = "TAGS=\"TODO:|FIXME:\"\nERRORTAG=\"ERROR:\"\nfind \"${SRCROOT}\" \\( -name \"*.h\" -or -name \"*.m\" -or -name \"*.swift\" \\) -print0 | xargs -0 egrep --with-filename --line-number --only-matching \"($TAGS).*\\$|($ERRORTAG).*\\$\" | perl -p -e \"s/($TAGS)/ warning: \\$1/\" | perl -p -e \"s/($ERRORTAG)/ error: \\$1/\"\n";
		};
/* End PBXShellScriptBuildPhase section */

/* Begin PBXSourcesBuildPhase section */
		D975872B23B607C20004BDAD /* Sources */ = {
			isa = PBXSourcesBuildPhase;
			buildActionMask = 2147483647;
			files = (
				D9BD25E624B884490064230E /* FileWriter.swift in Sources */,
				D9794494255E9FEF009165A0 /* ScoreBoardTimer.swift in Sources */,
				D997E12425AA4D93000F6C77 /* BasicSBTemplateView.swift in Sources */,
				D980DCF326184FF60026B596 /* DisableMenuItems.swift in Sources */,
				D979448F255E9BBF009165A0 /* Defaults.swift in Sources */,
				D97553042644810E00A9D4BA /* PreferencesViewController.swift in Sources */,
				D975873523B607C20004BDAD /* MainViewController.swift in Sources */,
				D975873323B607C20004BDAD /* AppDelegate.swift in Sources */,
				D9BD25EA24BC76D10064230E /* SelectDirectoryWindow.swift in Sources */,
				D90D1EA62643302000005682 /* MenuActions.swift in Sources */,
				D980DCCC25F4ADB90026B596 /* EditTextField.swift in Sources */,
				D987631226320791005E1174 /* DeselectText+SetFocus.swift in Sources */,
				D90D1EA82643BAB400005682 /* StartButton.swift in Sources */,
				D94B5F14269EFD11009A0D5A /* TimerSliderCell.swift in Sources */,
				D9BD25E424B60D800064230E /* ScoreBoardData.swift in Sources */,
				D9BD25E824B8A55D0064230E /* AlertWindow.swift in Sources */,
			);
			runOnlyForDeploymentPostprocessing = 0;
		};
/* End PBXSourcesBuildPhase section */

/* Begin PBXVariantGroup section */
		D975873823B607C40004BDAD /* Main.storyboard */ = {
			isa = PBXVariantGroup;
			children = (
				D975873923B607C40004BDAD /* Base */,
			);
			name = Main.storyboard;
			sourceTree = "<group>";
		};
/* End PBXVariantGroup section */

/* Begin XCBuildConfiguration section */
		D975873D23B607C40004BDAD /* Debug */ = {
			isa = XCBuildConfiguration;
			buildSettings = {
				ALWAYS_SEARCH_USER_PATHS = NO;
				CLANG_ANALYZER_NONNULL = YES;
				CLANG_ANALYZER_NUMBER_OBJECT_CONVERSION = YES_AGGRESSIVE;
				CLANG_CXX_LANGUAGE_STANDARD = "gnu++14";
				CLANG_CXX_LIBRARY = "libc++";
				CLANG_ENABLE_MODULES = YES;
				CLANG_ENABLE_OBJC_ARC = YES;
				CLANG_ENABLE_OBJC_WEAK = YES;
				CLANG_WARN_BLOCK_CAPTURE_AUTORELEASING = YES;
				CLANG_WARN_BOOL_CONVERSION = YES;
				CLANG_WARN_COMMA = YES;
				CLANG_WARN_CONSTANT_CONVERSION = YES;
				CLANG_WARN_DEPRECATED_OBJC_IMPLEMENTATIONS = YES;
				CLANG_WARN_DIRECT_OBJC_ISA_USAGE = YES_ERROR;
				CLANG_WARN_DOCUMENTATION_COMMENTS = YES;
				CLANG_WARN_EMPTY_BODY = YES;
				CLANG_WARN_ENUM_CONVERSION = YES;
				CLANG_WARN_INFINITE_RECURSION = YES;
				CLANG_WARN_INT_CONVERSION = YES;
				CLANG_WARN_NON_LITERAL_NULL_CONVERSION = YES;
				CLANG_WARN_OBJC_IMPLICIT_RETAIN_SELF = YES;
				CLANG_WARN_OBJC_LITERAL_CONVERSION = YES;
				CLANG_WARN_OBJC_ROOT_CLASS = YES_ERROR;
				CLANG_WARN_QUOTED_INCLUDE_IN_FRAMEWORK_HEADER = YES;
				CLANG_WARN_RANGE_LOOP_ANALYSIS = YES;
				CLANG_WARN_STRICT_PROTOTYPES = YES;
				CLANG_WARN_SUSPICIOUS_MOVE = YES;
				CLANG_WARN_UNGUARDED_AVAILABILITY = YES_AGGRESSIVE;
				CLANG_WARN_UNREACHABLE_CODE = YES;
				CLANG_WARN__DUPLICATE_METHOD_MATCH = YES;
				CODE_SIGN_IDENTITY = "Apple Development: vas.pet.app@gmail.com (H747ZP27AD)";
				COPY_PHASE_STRIP = NO;
				DEBUG_INFORMATION_FORMAT = dwarf;
				ENABLE_STRICT_OBJC_MSGSEND = YES;
				ENABLE_TESTABILITY = YES;
				GCC_C_LANGUAGE_STANDARD = gnu11;
				GCC_DYNAMIC_NO_PIC = NO;
				GCC_NO_COMMON_BLOCKS = YES;
				GCC_OPTIMIZATION_LEVEL = 0;
				GCC_PREPROCESSOR_DEFINITIONS = (
					"DEBUG=1",
					"$(inherited)",
				);
				GCC_WARN_64_TO_32_BIT_CONVERSION = YES;
				GCC_WARN_ABOUT_RETURN_TYPE = YES_ERROR;
				GCC_WARN_UNDECLARED_SELECTOR = YES;
				GCC_WARN_UNINITIALIZED_AUTOS = YES_AGGRESSIVE;
				GCC_WARN_UNUSED_FUNCTION = YES;
				GCC_WARN_UNUSED_VARIABLE = YES;
				MACOSX_DEPLOYMENT_TARGET = 10.15;
				MTL_ENABLE_DEBUG_INFO = INCLUDE_SOURCE;
				MTL_FAST_MATH = YES;
				ONLY_ACTIVE_ARCH = YES;
				SDKROOT = macosx;
				SWIFT_ACTIVE_COMPILATION_CONDITIONS = DEBUG;
				SWIFT_OPTIMIZATION_LEVEL = "-Onone";
			};
			name = Debug;
		};
		D975873E23B607C40004BDAD /* Release */ = {
			isa = XCBuildConfiguration;
			buildSettings = {
				ALWAYS_SEARCH_USER_PATHS = NO;
				CLANG_ANALYZER_NONNULL = YES;
				CLANG_ANALYZER_NUMBER_OBJECT_CONVERSION = YES_AGGRESSIVE;
				CLANG_CXX_LANGUAGE_STANDARD = "gnu++14";
				CLANG_CXX_LIBRARY = "libc++";
				CLANG_ENABLE_MODULES = YES;
				CLANG_ENABLE_OBJC_ARC = YES;
				CLANG_ENABLE_OBJC_WEAK = YES;
				CLANG_WARN_BLOCK_CAPTURE_AUTORELEASING = YES;
				CLANG_WARN_BOOL_CONVERSION = YES;
				CLANG_WARN_COMMA = YES;
				CLANG_WARN_CONSTANT_CONVERSION = YES;
				CLANG_WARN_DEPRECATED_OBJC_IMPLEMENTATIONS = YES;
				CLANG_WARN_DIRECT_OBJC_ISA_USAGE = YES_ERROR;
				CLANG_WARN_DOCUMENTATION_COMMENTS = YES;
				CLANG_WARN_EMPTY_BODY = YES;
				CLANG_WARN_ENUM_CONVERSION = YES;
				CLANG_WARN_INFINITE_RECURSION = YES;
				CLANG_WARN_INT_CONVERSION = YES;
				CLANG_WARN_NON_LITERAL_NULL_CONVERSION = YES;
				CLANG_WARN_OBJC_IMPLICIT_RETAIN_SELF = YES;
				CLANG_WARN_OBJC_LITERAL_CONVERSION = YES;
				CLANG_WARN_OBJC_ROOT_CLASS = YES_ERROR;
				CLANG_WARN_QUOTED_INCLUDE_IN_FRAMEWORK_HEADER = YES;
				CLANG_WARN_RANGE_LOOP_ANALYSIS = YES;
				CLANG_WARN_STRICT_PROTOTYPES = YES;
				CLANG_WARN_SUSPICIOUS_MOVE = YES;
				CLANG_WARN_UNGUARDED_AVAILABILITY = YES_AGGRESSIVE;
				CLANG_WARN_UNREACHABLE_CODE = YES;
				CLANG_WARN__DUPLICATE_METHOD_MATCH = YES;
				CODE_SIGN_IDENTITY = "Apple Development: vas.pet.app@gmail.com (H747ZP27AD)";
				COPY_PHASE_STRIP = NO;
				DEBUG_INFORMATION_FORMAT = "dwarf-with-dsym";
				ENABLE_NS_ASSERTIONS = NO;
				ENABLE_STRICT_OBJC_MSGSEND = YES;
				GCC_C_LANGUAGE_STANDARD = gnu11;
				GCC_NO_COMMON_BLOCKS = YES;
				GCC_WARN_64_TO_32_BIT_CONVERSION = YES;
				GCC_WARN_ABOUT_RETURN_TYPE = YES_ERROR;
				GCC_WARN_UNDECLARED_SELECTOR = YES;
				GCC_WARN_UNINITIALIZED_AUTOS = YES_AGGRESSIVE;
				GCC_WARN_UNUSED_FUNCTION = YES;
				GCC_WARN_UNUSED_VARIABLE = YES;
				MACOSX_DEPLOYMENT_TARGET = 10.15;
				MTL_ENABLE_DEBUG_INFO = NO;
				MTL_FAST_MATH = YES;
				SDKROOT = macosx;
				SWIFT_COMPILATION_MODE = wholemodule;
				SWIFT_OPTIMIZATION_LEVEL = "-O";
			};
			name = Release;
		};
		D975874023B607C40004BDAD /* Debug */ = {
			isa = XCBuildConfiguration;
			buildSettings = {
				ASSETCATALOG_COMPILER_APPICON_NAME = AppIcon;
				CODE_SIGN_ENTITLEMENTS = "ScoreBoard/Supporting Files/ScoreBoard.entitlements";
				CODE_SIGN_IDENTITY = "Apple Development";
				CODE_SIGN_STYLE = Automatic;
				COMBINE_HIDPI_IMAGES = YES;
				CURRENT_PROJECT_VERSION = 1;
				DEVELOPMENT_TEAM = 55MCT9R6B9;
				ENABLE_HARDENED_RUNTIME = YES;
				INFOPLIST_FILE = "ScoreBoard/Supporting Files/Info.plist";
				LD_RUNPATH_SEARCH_PATHS = (
					"$(inherited)",
					"@executable_path/../Frameworks",
				);
				MACOSX_DEPLOYMENT_TARGET = 10.15;
				MARKETING_VERSION = 1.0;
				PRODUCT_BUNDLE_IDENTIFIER = com.VasPet.ScoreBoard;
				PRODUCT_NAME = "$(TARGET_NAME)";
				PROVISIONING_PROFILE_SPECIFIER = "";
				SWIFT_VERSION = 5.0;
				VERSIONING_SYSTEM = "";
			};
			name = Debug;
		};
		D975874123B607C40004BDAD /* Release */ = {
			isa = XCBuildConfiguration;
			buildSettings = {
				ASSETCATALOG_COMPILER_APPICON_NAME = AppIcon;
				CODE_SIGN_ENTITLEMENTS = "ScoreBoard/Supporting Files/ScoreBoard.entitlements";
				CODE_SIGN_IDENTITY = "Apple Development";
				CODE_SIGN_STYLE = Automatic;
				COMBINE_HIDPI_IMAGES = YES;
				CURRENT_PROJECT_VERSION = 1;
				DEVELOPMENT_TEAM = 55MCT9R6B9;
				ENABLE_HARDENED_RUNTIME = YES;
				INFOPLIST_FILE = "ScoreBoard/Supporting Files/Info.plist";
				LD_RUNPATH_SEARCH_PATHS = (
					"$(inherited)",
					"@executable_path/../Frameworks",
				);
				MACOSX_DEPLOYMENT_TARGET = 10.15;
				MARKETING_VERSION = 1.0;
				PRODUCT_BUNDLE_IDENTIFIER = com.VasPet.ScoreBoard;
				PRODUCT_NAME = "$(TARGET_NAME)";
				PROVISIONING_PROFILE_SPECIFIER = "";
				SWIFT_VERSION = 5.0;
				VERSIONING_SYSTEM = "";
			};
			name = Release;
		};
/* End XCBuildConfiguration section */

/* Begin XCConfigurationList section */
		D975872A23B607C20004BDAD /* Build configuration list for PBXProject "ScoreBoard" */ = {
			isa = XCConfigurationList;
			buildConfigurations = (
				D975873D23B607C40004BDAD /* Debug */,
				D975873E23B607C40004BDAD /* Release */,
			);
			defaultConfigurationIsVisible = 0;
			defaultConfigurationName = Release;
		};
		D975873F23B607C40004BDAD /* Build configuration list for PBXNativeTarget "ScoreBoard" */ = {
			isa = XCConfigurationList;
			buildConfigurations = (
				D975874023B607C40004BDAD /* Debug */,
				D975874123B607C40004BDAD /* Release */,
			);
			defaultConfigurationIsVisible = 0;
			defaultConfigurationName = Release;
		};
/* End XCConfigurationList section */
	};
	rootObject = D975872723B607C20004BDAD /* Project object */;
}
